PODS:
  - SwiftCountrySelector (0.1.0)

DEPENDENCIES:
  - SwiftCountrySelector (from `../`)

EXTERNAL SOURCES:
  SwiftCountrySelector:
    :path: "../"

SPEC CHECKSUMS:
  SwiftCountrySelector: 7078174e5867d5065f25277a7591eed3008cd9d6

PODFILE CHECKSUM: 5b8cca88673bcbe39ddad488fde2a0140aebbd9c

COCOAPODS: 1.1.0.rc.2
